
Microsoft Visual Studio Solution File, Format Version 12.00
# Visual Studio Version 17
VisualStudioVersion = 17.8.34330.188
MinimumVisualStudioVersion = 10.0.40219.1
Project("{FAE04EC0-301F-11D3-BF4B-00C04F79EFBC}") = "YurtKayitProje", "YurtKayitProje.csproj", "{99451D9F-98EB-426D-8061-85AB2C26FECC}"
EndProject
Global
	GlobalSection(SolutionConfigurationPlatforms) = preSolution
		Debug|Any CPU = Debug|Any CPU
		Release|Any CPU = Release|Any CPU
	EndGlobalSection
	GlobalSection(ProjectConfigurationPlatforms) = postSolution
		{99451D9F-98EB-426D-8061-85AB2C26FECC}.Debug|Any CPU.ActiveCfg = Debug|Any CPU
		{99451D9F-98EB-426D-8061-85AB2C26FECC}.Debug|Any CPU.Build.0 = Debug|Any CPU
		{99451D9F-98EB-426D-8061-85AB2C26FECC}.Release|Any CPU.ActiveCfg = Release|Any CPU
		{99451D9F-98EB-426D-8061-85AB2C26FECC}.Release|Any CPU.Build.0 = Release|Any CPU
	EndGlobalSection
	GlobalSection(SolutionProperties) = preSolution
		HideSolutionNode = FALSE
	EndGlobalSection
	GlobalSection(ExtensibilityGlobals) = postSolution
		SolutionGuid = {D3E07CC8-2E37-47C7-AB18-0309AC989CAB}
	EndGlobalSection
EndGlobal
